
Microsoft Visual Studio Solution File, Format Version 12.00
# Visual Studio Version 17
VisualStudioVersion = 17.3.32901.215
MinimumVisualStudioVersion = 10.0.40219.1
Project("{FAE04EC0-301F-11D3-BF4B-00C04F79EFBC}") = "ConsoleApp23-9", "ConsoleApp23-9\ConsoleApp23-9.csproj", "{B8C15775-DE22-451E-BEB9-037A10BC61AE}"
EndProject
Global
	GlobalSection(SolutionConfigurationPlatforms) = preSolution
		Debug|Any CPU = Debug|Any CPU
		Release|Any CPU = Release|Any CPU
	EndGlobalSection
	GlobalSection(ProjectConfigurationPlatforms) = postSolution
		{B8C15775-DE22-451E-BEB9-037A10BC61AE}.Debug|Any CPU.ActiveCfg = Debug|Any CPU
		{B8C15775-DE22-451E-BEB9-037A10BC61AE}.Debug|Any CPU.Build.0 = Debug|Any CPU
		{B8C15775-DE22-451E-BEB9-037A10BC61AE}.Release|Any CPU.ActiveCfg = Release|Any CPU
		{B8C15775-DE22-451E-BEB9-037A10BC61AE}.Release|Any CPU.Build.0 = Release|Any CPU
	EndGlobalSection
	GlobalSection(SolutionProperties) = preSolution
		HideSolutionNode = FALSE
	EndGlobalSection
	GlobalSection(ExtensibilityGlobals) = postSolution
		SolutionGuid = {FCCC200B-A83A-489C-B6AD-192E3FDF63DC}
	EndGlobalSection
EndGlobal
